{
  "name": "poc-sqs-send",
  "lockfileVersion": 3,
  "requires": true,
  "packages": {
    "": {
      "name": "poc-sqs-send",
      "dependencies": {
        "aws4fetch": "^1",
        "hono": "^4"
      }
    },
    "node_modules/aws4fetch": {
      "version": "1.0.20",
      "resolved": "https://registry.npmjs.org/aws4fetch/-/aws4fetch-1.0.20.tgz",
      "integrity": "sha512-/djoAN709iY65ETD6LKCtyyEI04XIBP5xVvfmNxsEP0uJB5tyaGBztSryRr4HqMStr9R06PisQE7m9zDTXKu6g==",
      "license": "MIT"
    },
    "node_modules/hono": {
      "version": "4.12.33",
      "resolved": "https://registry.npmjs.org/hono/-/hono-4.12.33.tgz",
      "integrity": "sha512-+SwvkaiJtxsiPjhy9LivY/1m7UsNqCJetM1BrZl9A5DkQhlbHQDU730mMiDPWjnoCYOM8Chf3WrCJw27kNTPFQ==",
      "license": "MIT",
      "engines": {
        "node": ">=16.9.0"
      }
    }
  }
}
